{
  "name": "meme-generator",
  "version": "0.0.0",
  "lockfileVersion": 1,
  "requires": true,
  "dependencies": {
    "angular": {
      "version": "1.4.14",
      "resolved": "https://registry.npmjs.org/angular/-/angular-1.4.14.tgz",
      "integrity": "sha1-nQ/q9gzm5SzlD0nuMoZW0eGHXDc="
    },
    "angular-animate": {
      "version": "1.4.14",
      "resolved": "https://registry.npmjs.org/angular-animate/-/angular-animate-1.4.14.tgz",
      "integrity": "sha1-7kBoyv234jACYxnsbLkgesqJgDg="
    },
    "angular-route": {
      "version": "1.4.14",
      "resolved": "https://registry.npmjs.org/angular-route/-/angular-route-1.4.14.tgz",
      "integrity": "sha1-Ll2/4SOUI8Z4Flw5uzhgGtZqB5Q="
    },
    "angular-sanitize": {
      "version": "1.4.14",
      "resolved": "https://registry.npmjs.org/angular-sanitize/-/angular-sanitize-1.4.14.tgz",
      "integrity": "sha1-d4xOJJQfqYLYbPfrrD5hP6XUFPw="
    },
    "angulartics": {
      "version": "0.17.2",
      "resolved": "https://registry.npmjs.org/angulartics/-/angulartics-0.17.2.tgz",
      "integrity": "sha1-7357pvMAE+HVDaMjK9YwOIu1/rM="
    },
    "es5-shim": {
      "version": "2.0.12",
      "resolved": "https://registry.npmjs.org/es5-shim/-/es5-shim-2.0.12.tgz",
      "integrity": "sha1-CBihVW2wSc+6grMkK0Zh4Enn6og="
    },
    "json3": {
      "version": "3.2.6",
      "resolved": "https://registry.npmjs.org/json3/-/json3-3.2.6.tgz",
      "integrity": "sha1-9u/JPAagTemuxTBT3yVZuxniA4s="
    },
    "videogular": {
      "version": "2.2.1",
      "resolved": "https://registry.npmjs.org/videogular/-/videogular-2.2.1.tgz",
      "integrity": "sha1-WrgB3pufu3cvoyeyD3BoAS0OoIM=",
      "requires": {
        "angular": "1.4.14",
        "angular-animate": "1.4.14",
        "angular-route": "1.4.14",
        "angular-sanitize": "1.4.14",
        "angulartics": "0.17.2",
        "bootstrap": "3.1.1",
        "es5-shim": "2.0.12",
        "json3": "3.2.6"
      },
      "dependencies": {
        "bootstrap": {
          "version": "3.1.1",
          "resolved": "https://registry.npmjs.org/bootstrap/-/bootstrap-3.1.1.tgz",
          "integrity": "sha1-F+FO0mHA/Nm1LqmqZCD21RzV+nc="
        }
      }
    }
  }
}
